
Microsoft Visual Studio Solution File, Format Version 12.00
# Visual Studio Version 16
VisualStudioVersion = 16.0.32228.343
MinimumVisualStudioVersion = 10.0.40219.1
Project("{FAE04EC0-301F-11D3-BF4B-00C04F79EFBC}") = "RationDistribution", "RationDistribution\RationDistribution.csproj", "{E7751F98-061C-4F41-A4B7-78BCB9991382}"
EndProject
Global
	GlobalSection(SolutionConfigurationPlatforms) = preSolution
		Debug|Any CPU = Debug|Any CPU
		Release|Any CPU = Release|Any CPU
	EndGlobalSection
	GlobalSection(ProjectConfigurationPlatforms) = postSolution
		{E7751F98-061C-4F41-A4B7-78BCB9991382}.Debug|Any CPU.ActiveCfg = Debug|Any CPU
		{E7751F98-061C-4F41-A4B7-78BCB9991382}.Debug|Any CPU.Build.0 = Debug|Any CPU
		{E7751F98-061C-4F41-A4B7-78BCB9991382}.Release|Any CPU.ActiveCfg = Release|Any CPU
		{E7751F98-061C-4F41-A4B7-78BCB9991382}.Release|Any CPU.Build.0 = Release|Any CPU
	EndGlobalSection
	GlobalSection(SolutionProperties) = preSolution
		HideSolutionNode = FALSE
	EndGlobalSection
	GlobalSection(ExtensibilityGlobals) = postSolution
		SolutionGuid = {A5D44C33-1FCC-4CB2-9372-40EFF982EC90}
	EndGlobalSection
EndGlobal
